// !$*UTF8*$!
{
	archiveVersion = 1;
	classes = {
	};
	objectVersion = 56;
	objects = {

/* Begin PBXBuildFile section */
		A23791A22AD5608400238F6D /* AppDelegate.swift in Sources */ = {isa = PBXBuildFile; fileRef = A23791A12AD5608400238F6D /* AppDelegate.swift */; };
		A23791A42AD5608400238F6D /* SceneDelegate.swift in Sources */ = {isa = PBXBuildFile; fileRef = A23791A32AD5608400238F6D /* SceneDelegate.swift */; };
		A23791A62AD5608400238F6D /* MainVC.swift in Sources */ = {isa = PBXBuildFile; fileRef = A23791A52AD5608400238F6D /* MainVC.swift */; };
		A23791A92AD5608400238F6D /* Main.storyboard in Resources */ = {isa = PBXBuildFile; fileRef = A23791A72AD5608400238F6D /* Main.storyboard */; };
		A23791AB2AD5608500238F6D /* Assets.xcassets in Resources */ = {isa = PBXBuildFile; fileRef = A23791AA2AD5608500238F6D /* Assets.xcassets */; };
		A23791AE2AD5608500238F6D /* LaunchScreen.storyboard in Resources */ = {isa = PBXBuildFile; fileRef = A23791AC2AD5608500238F6D /* LaunchScreen.storyboard */; };
		A23791C02AD567B200238F6D /* MainModel.swift in Sources */ = {isa = PBXBuildFile; fileRef = A23791BF2AD567B200238F6D /* MainModel.swift */; };
		A23791C22AD567F800238F6D /* MainVM.swift in Sources */ = {isa = PBXBuildFile; fileRef = A23791C12AD567F800238F6D /* MainVM.swift */; };
		A23791C62AD5683D00238F6D /* DetailsVC.swift in Sources */ = {isa = PBXBuildFile; fileRef = A23791C52AD5683D00238F6D /* DetailsVC.swift */; };
		A23791C82AD5684B00238F6D /* DetailVM.swift in Sources */ = {isa = PBXBuildFile; fileRef = A23791C72AD5684B00238F6D /* DetailVM.swift */; };
		A23791CF2AD56F5A00238F6D /* NetworkManager.swift in Sources */ = {isa = PBXBuildFile; fileRef = A23791CE2AD56F5A00238F6D /* NetworkManager.swift */; };
		A23791D12AD5704800238F6D /* EndPoint.swift in Sources */ = {isa = PBXBuildFile; fileRef = A23791D02AD5704800238F6D /* EndPoint.swift */; };
		A23791D32AD5705B00238F6D /* ApiConstant.swift in Sources */ = {isa = PBXBuildFile; fileRef = A23791D22AD5705B00238F6D /* ApiConstant.swift */; };
		A23791D52AD5706A00238F6D /* ApiClientError.swift in Sources */ = {isa = PBXBuildFile; fileRef = A23791D42AD5706A00238F6D /* ApiClientError.swift */; };
		A23791D82AD5745200238F6D /* Alamofire in Frameworks */ = {isa = PBXBuildFile; productRef = A23791D72AD5745200238F6D /* Alamofire */; };
		A23791DC2AD576AA00238F6D /* MainEndpointItem.swift in Sources */ = {isa = PBXBuildFile; fileRef = A23791DB2AD576AA00238F6D /* MainEndpointItem.swift */; };
		A23C92E02ADDCB920077CC45 /* MainCollectionViewCell.swift in Sources */ = {isa = PBXBuildFile; fileRef = A23C92DE2ADDCB920077CC45 /* MainCollectionViewCell.swift */; };
		A23C92E12ADDCB920077CC45 /* MainCollectionViewCell.xib in Resources */ = {isa = PBXBuildFile; fileRef = A23C92DF2ADDCB920077CC45 /* MainCollectionViewCell.xib */; };
		A2B2412C2AD940FA0005F5E8 /* StringExtension.swift in Sources */ = {isa = PBXBuildFile; fileRef = A2B2412B2AD940F90005F5E8 /* StringExtension.swift */; };
		A2C7238E2ADE263100CF2B4C /* SDWebImageSVGCoder in Frameworks */ = {isa = PBXBuildFile; productRef = A2C7238D2ADE263100CF2B4C /* SDWebImageSVGCoder */; };
		A2C723912ADE2F1D00CF2B4C /* BaseVC.swift in Sources */ = {isa = PBXBuildFile; fileRef = A2C723902ADE2F1D00CF2B4C /* BaseVC.swift */; };
		A2C723932ADE323E00CF2B4C /* ArrayExtension.swift in Sources */ = {isa = PBXBuildFile; fileRef = A2C723922ADE323E00CF2B4C /* ArrayExtension.swift */; };
		A2D4D3C42ADDA613003E62FD /* PriceHelper.swift in Sources */ = {isa = PBXBuildFile; fileRef = A2D4D3C32ADDA613003E62FD /* PriceHelper.swift */; };
		A2D7F24D2AD976C9002821BF /* IntExtension.swift in Sources */ = {isa = PBXBuildFile; fileRef = A2D7F24C2AD976C9002821BF /* IntExtension.swift */; };
		A2D7F24F2ADD5A45002821BF /* MainTableViewCellVM.swift in Sources */ = {isa = PBXBuildFile; fileRef = A2D7F24E2ADD5A45002821BF /* MainTableViewCellVM.swift */; };
		A2E6B0D82AD6C76E00232369 /* MainTableViewCell.swift in Sources */ = {isa = PBXBuildFile; fileRef = A2E6B0D62AD6C76E00232369 /* MainTableViewCell.swift */; };
		A2E6B0D92AD6C76E00232369 /* MainTableViewCell.xib in Resources */ = {isa = PBXBuildFile; fileRef = A2E6B0D72AD6C76E00232369 /* MainTableViewCell.xib */; };
/* End PBXBuildFile section */

/* Begin PBXFileReference section */
		A237919E2AD5608400238F6D /* CoinApp.app */ = {isa = PBXFileReference; explicitFileType = wrapper.application; includeInIndex = 0; path = CoinApp.app; sourceTree = BUILT_PRODUCTS_DIR; };
		A23791A12AD5608400238F6D /* AppDelegate.swift */ = {isa = PBXFileReference; lastKnownFileType = sourcecode.swift; path = AppDelegate.swift; sourceTree = "<group>"; };
		A23791A32AD5608400238F6D /* SceneDelegate.swift */ = {isa = PBXFileReference; lastKnownFileType = sourcecode.swift; path = SceneDelegate.swift; sourceTree = "<group>"; };
		A23791A52AD5608400238F6D /* MainVC.swift */ = {isa = PBXFileReference; lastKnownFileType = sourcecode.swift; path = MainVC.swift; sourceTree = "<group>"; };
		A23791A82AD5608400238F6D /* Base */ = {isa = PBXFileReference; lastKnownFileType = file.storyboard; name = Base; path = Base.lproj/Main.storyboard; sourceTree = "<group>"; };
		A23791AA2AD5608500238F6D /* Assets.xcassets */ = {isa = PBXFileReference; lastKnownFileType = folder.assetcatalog; path = Assets.xcassets; sourceTree = "<group>"; };
		A23791AD2AD5608500238F6D /* Base */ = {isa = PBXFileReference; lastKnownFileType = file.storyboard; name = Base; path = Base.lproj/LaunchScreen.storyboard; sourceTree = "<group>"; };
		A23791AF2AD5608500238F6D /* Info.plist */ = {isa = PBXFileReference; lastKnownFileType = text.plist.xml; path = Info.plist; sourceTree = "<group>"; };
		A23791BF2AD567B200238F6D /* MainModel.swift */ = {isa = PBXFileReference; lastKnownFileType = sourcecode.swift; path = MainModel.swift; sourceTree = "<group>"; };
		A23791C12AD567F800238F6D /* MainVM.swift */ = {isa = PBXFileReference; lastKnownFileType = sourcecode.swift; path = MainVM.swift; sourceTree = "<group>"; };
		A23791C52AD5683D00238F6D /* DetailsVC.swift */ = {isa = PBXFileReference; lastKnownFileType = sourcecode.swift; path = DetailsVC.swift; sourceTree = "<group>"; };
		A23791C72AD5684B00238F6D /* DetailVM.swift */ = {isa = PBXFileReference; lastKnownFileType = sourcecode.swift; path = DetailVM.swift; sourceTree = "<group>"; };
		A23791CE2AD56F5A00238F6D /* NetworkManager.swift */ = {isa = PBXFileReference; lastKnownFileType = sourcecode.swift; path = NetworkManager.swift; sourceTree = "<group>"; };
		A23791D02AD5704800238F6D /* EndPoint.swift */ = {isa = PBXFileReference; lastKnownFileType = sourcecode.swift; path = EndPoint.swift; sourceTree = "<group>"; };
		A23791D22AD5705B00238F6D /* ApiConstant.swift */ = {isa = PBXFileReference; lastKnownFileType = sourcecode.swift; path = ApiConstant.swift; sourceTree = "<group>"; };
		A23791D42AD5706A00238F6D /* ApiClientError.swift */ = {isa = PBXFileReference; lastKnownFileType = sourcecode.swift; path = ApiClientError.swift; sourceTree = "<group>"; };
		A23791DB2AD576AA00238F6D /* MainEndpointItem.swift */ = {isa = PBXFileReference; lastKnownFileType = sourcecode.swift; path = MainEndpointItem.swift; sourceTree = "<group>"; };
		A23C92DE2ADDCB920077CC45 /* MainCollectionViewCell.swift */ = {isa = PBXFileReference; lastKnownFileType = sourcecode.swift; path = MainCollectionViewCell.swift; sourceTree = "<group>"; };
		A23C92DF2ADDCB920077CC45 /* MainCollectionViewCell.xib */ = {isa = PBXFileReference; lastKnownFileType = file.xib; path = MainCollectionViewCell.xib; sourceTree = "<group>"; };
		A2B2412B2AD940F90005F5E8 /* StringExtension.swift */ = {isa = PBXFileReference; lastKnownFileType = sourcecode.swift; path = StringExtension.swift; sourceTree = "<group>"; };
		A2C723902ADE2F1D00CF2B4C /* BaseVC.swift */ = {isa = PBXFileReference; lastKnownFileType = sourcecode.swift; path = BaseVC.swift; sourceTree = "<group>"; };
		A2C723922ADE323E00CF2B4C /* ArrayExtension.swift */ = {isa = PBXFileReference; lastKnownFileType = sourcecode.swift; path = ArrayExtension.swift; sourceTree = "<group>"; };
		A2D4D3C32ADDA613003E62FD /* PriceHelper.swift */ = {isa = PBXFileReference; lastKnownFileType = sourcecode.swift; path = PriceHelper.swift; sourceTree = "<group>"; };
		A2D7F24C2AD976C9002821BF /* IntExtension.swift */ = {isa = PBXFileReference; lastKnownFileType = sourcecode.swift; path = IntExtension.swift; sourceTree = "<group>"; };
		A2D7F24E2ADD5A45002821BF /* MainTableViewCellVM.swift */ = {isa = PBXFileReference; lastKnownFileType = sourcecode.swift; path = MainTableViewCellVM.swift; sourceTree = "<group>"; };
		A2E6B0D62AD6C76E00232369 /* MainTableViewCell.swift */ = {isa = PBXFileReference; lastKnownFileType = sourcecode.swift; path = MainTableViewCell.swift; sourceTree = "<group>"; };
		A2E6B0D72AD6C76E00232369 /* MainTableViewCell.xib */ = {isa = PBXFileReference; lastKnownFileType = file.xib; path = MainTableViewCell.xib; sourceTree = "<group>"; };
/* End PBXFileReference section */

/* Begin PBXFrameworksBuildPhase section */
		A237919B2AD5608400238F6D /* Frameworks */ = {
			isa = PBXFrameworksBuildPhase;
			buildActionMask = 2147483647;
			files = (
				A23791D82AD5745200238F6D /* Alamofire in Frameworks */,
				A2C7238E2ADE263100CF2B4C /* SDWebImageSVGCoder in Frameworks */,
			);
			runOnlyForDeploymentPostprocessing = 0;
		};
/* End PBXFrameworksBuildPhase section */

/* Begin PBXGroup section */
		A23791952AD5608400238F6D = {
			isa = PBXGroup;
			children = (
				A23791A02AD5608400238F6D /* CoinApp */,
				A237919F2AD5608400238F6D /* Products */,
			);
			sourceTree = "<group>";
		};
		A237919F2AD5608400238F6D /* Products */ = {
			isa = PBXGroup;
			children = (
				A237919E2AD5608400238F6D /* CoinApp.app */,
			);
			name = Products;
			sourceTree = "<group>";
		};
		A23791A02AD5608400238F6D /* CoinApp */ = {
			isa = PBXGroup;
			children = (
				A2C7238F2ADE2F1200CF2B4C /* Base */,
				A2D4D3C22ADDA607003E62FD /* Helper */,
				A2B2412A2AD940510005F5E8 /* Extensions */,
				A23791C92AD5685400238F6D /* Network */,
				A23791B82AD5666700238F6D /* Core */,
				A23791B72AD5665700238F6D /* Screen */,
				A23791AF2AD5608500238F6D /* Info.plist */,
			);
			path = CoinApp;
			sourceTree = "<group>";
		};
		A23791B52AD5662D00238F6D /* Main */ = {
			isa = PBXGroup;
			children = (
				A23791DA2AD5767B00238F6D /* EndpointItem */,
				A23791B92AD5675300238F6D /* Model */,
				A23791BA2AD5676100238F6D /* View */,
				A23791BB2AD5676700238F6D /* ViewModel */,
			);
			path = Main;
			sourceTree = "<group>";
		};
		A23791B62AD5664200238F6D /* Details */ = {
			isa = PBXGroup;
			children = (
				A23791BD2AD5677A00238F6D /* View */,
				A23791BC2AD5677800238F6D /* ViewModel */,
			);
			path = Details;
			sourceTree = "<group>";
		};
		A23791B72AD5665700238F6D /* Screen */ = {
			isa = PBXGroup;
			children = (
				A23791B52AD5662D00238F6D /* Main */,
				A23791B62AD5664200238F6D /* Details */,
			);
			path = Screen;
			sourceTree = "<group>";
		};
		A23791B82AD5666700238F6D /* Core */ = {
			isa = PBXGroup;
			children = (
				A23791A32AD5608400238F6D /* SceneDelegate.swift */,
				A23791A12AD5608400238F6D /* AppDelegate.swift */,
				A23791A72AD5608400238F6D /* Main.storyboard */,
				A23791AC2AD5608500238F6D /* LaunchScreen.storyboard */,
				A23791AA2AD5608500238F6D /* Assets.xcassets */,
			);
			path = Core;
			sourceTree = "<group>";
		};
		A23791B92AD5675300238F6D /* Model */ = {
			isa = PBXGroup;
			children = (
				A23791BF2AD567B200238F6D /* MainModel.swift */,
			);
			path = Model;
			sourceTree = "<group>";
		};
		A23791BA2AD5676100238F6D /* View */ = {
			isa = PBXGroup;
			children = (
				A23791A52AD5608400238F6D /* MainVC.swift */,
				A2E6B0D62AD6C76E00232369 /* MainTableViewCell.swift */,
				A2E6B0D72AD6C76E00232369 /* MainTableViewCell.xib */,
				A23C92DE2ADDCB920077CC45 /* MainCollectionViewCell.swift */,
				A23C92DF2ADDCB920077CC45 /* MainCollectionViewCell.xib */,
			);
			path = View;
			sourceTree = "<group>";
		};
		A23791BB2AD5676700238F6D /* ViewModel */ = {
			isa = PBXGroup;
			children = (
				A23791C12AD567F800238F6D /* MainVM.swift */,
				A2D7F24E2ADD5A45002821BF /* MainTableViewCellVM.swift */,
			);
			path = ViewModel;
			sourceTree = "<group>";
		};
		A23791BC2AD5677800238F6D /* ViewModel */ = {
			isa = PBXGroup;
			children = (
				A23791C72AD5684B00238F6D /* DetailVM.swift */,
			);
			path = ViewModel;
			sourceTree = "<group>";
		};
		A23791BD2AD5677A00238F6D /* View */ = {
			isa = PBXGroup;
			children = (
				A23791C52AD5683D00238F6D /* DetailsVC.swift */,
			);
			path = View;
			sourceTree = "<group>";
		};
		A23791C92AD5685400238F6D /* Network */ = {
			isa = PBXGroup;
			children = (
				A23791D42AD5706A00238F6D /* ApiClientError.swift */,
				A23791D22AD5705B00238F6D /* ApiConstant.swift */,
				A23791D02AD5704800238F6D /* EndPoint.swift */,
				A23791CE2AD56F5A00238F6D /* NetworkManager.swift */,
			);
			path = Network;
			sourceTree = "<group>";
		};
		A23791DA2AD5767B00238F6D /* EndpointItem */ = {
			isa = PBXGroup;
			children = (
				A23791DB2AD576AA00238F6D /* MainEndpointItem.swift */,
			);
			path = EndpointItem;
			sourceTree = "<group>";
		};
		A2B2412A2AD940510005F5E8 /* Extensions */ = {
			isa = PBXGroup;
			children = (
				A2B2412B2AD940F90005F5E8 /* StringExtension.swift */,
				A2D7F24C2AD976C9002821BF /* IntExtension.swift */,
				A2C723922ADE323E00CF2B4C /* ArrayExtension.swift */,
			);
			path = Extensions;
			sourceTree = "<group>";
		};
		A2C7238F2ADE2F1200CF2B4C /* Base */ = {
			isa = PBXGroup;
			children = (
				A2C723902ADE2F1D00CF2B4C /* BaseVC.swift */,
			);
			path = Base;
			sourceTree = "<group>";
		};
		A2D4D3C22ADDA607003E62FD /* Helper */ = {
			isa = PBXGroup;
			children = (
				A2D4D3C32ADDA613003E62FD /* PriceHelper.swift */,
			);
			path = Helper;
			sourceTree = "<group>";
		};
/* End PBXGroup section */

/* Begin PBXNativeTarget section */
		A237919D2AD5608400238F6D /* CoinApp */ = {
			isa = PBXNativeTarget;
			buildConfigurationList = A23791B22AD5608500238F6D /* Build configuration list for PBXNativeTarget "CoinApp" */;
			buildPhases = (
				A237919A2AD5608400238F6D /* Sources */,
				A237919B2AD5608400238F6D /* Frameworks */,
				A237919C2AD5608400238F6D /* Resources */,
			);
			buildRules = (
			);
			dependencies = (
			);
			name = CoinApp;
			packageProductDependencies = (
				A23791D72AD5745200238F6D /* Alamofire */,
				A2C7238D2ADE263100CF2B4C /* SDWebImageSVGCoder */,
			);
			productName = CoinApp;
			productReference = A237919E2AD5608400238F6D /* CoinApp.app */;
			productType = "com.apple.product-type.application";
		};
/* End PBXNativeTarget section */

/* Begin PBXProject section */
		A23791962AD5608400238F6D /* Project object */ = {
			isa = PBXProject;
			attributes = {
				BuildIndependentTargetsInParallel = 1;
				LastSwiftUpdateCheck = 1430;
				LastUpgradeCheck = 1430;
				TargetAttributes = {
					A237919D2AD5608400238F6D = {
						CreatedOnToolsVersion = 14.3.1;
					};
				};
			};
			buildConfigurationList = A23791992AD5608400238F6D /* Build configuration list for PBXProject "CoinApp" */;
			compatibilityVersion = "Xcode 14.0";
			developmentRegion = en;
			hasScannedForEncodings = 0;
			knownRegions = (
				en,
				Base,
			);
			mainGroup = A23791952AD5608400238F6D;
			packageReferences = (
				A23791D62AD5745200238F6D /* XCRemoteSwiftPackageReference "Alamofire" */,
				A2C7238C2ADE263100CF2B4C /* XCRemoteSwiftPackageReference "SDWebImageSVGCoder" */,
			);
			productRefGroup = A237919F2AD5608400238F6D /* Products */;
			projectDirPath = "";
			projectRoot = "";
			targets = (
				A237919D2AD5608400238F6D /* CoinApp */,
			);
		};
/* End PBXProject section */

/* Begin PBXResourcesBuildPhase section */
		A237919C2AD5608400238F6D /* Resources */ = {
			isa = PBXResourcesBuildPhase;
			buildActionMask = 2147483647;
			files = (
				A23791AE2AD5608500238F6D /* LaunchScreen.storyboard in Resources */,
				A23791AB2AD5608500238F6D /* Assets.xcassets in Resources */,
				A2E6B0D92AD6C76E00232369 /* MainTableViewCell.xib in Resources */,
				A23C92E12ADDCB920077CC45 /* MainCollectionViewCell.xib in Resources */,
				A23791A92AD5608400238F6D /* Main.storyboard in Resources */,
			);
			runOnlyForDeploymentPostprocessing = 0;
		};
/* End PBXResourcesBuildPhase section */

/* Begin PBXSourcesBuildPhase section */
		A237919A2AD5608400238F6D /* Sources */ = {
			isa = PBXSourcesBuildPhase;
			buildActionMask = 2147483647;
			files = (
				A23791D32AD5705B00238F6D /* ApiConstant.swift in Sources */,
				A2D4D3C42ADDA613003E62FD /* PriceHelper.swift in Sources */,
				A2B2412C2AD940FA0005F5E8 /* StringExtension.swift in Sources */,
				A2E6B0D82AD6C76E00232369 /* MainTableViewCell.swift in Sources */,
				A23791CF2AD56F5A00238F6D /* NetworkManager.swift in Sources */,
				A2D7F24D2AD976C9002821BF /* IntExtension.swift in Sources */,
				A2D7F24F2ADD5A45002821BF /* MainTableViewCellVM.swift in Sources */,
				A23791C02AD567B200238F6D /* MainModel.swift in Sources */,
				A23791D12AD5704800238F6D /* EndPoint.swift in Sources */,
				A23791DC2AD576AA00238F6D /* MainEndpointItem.swift in Sources */,
				A23C92E02ADDCB920077CC45 /* MainCollectionViewCell.swift in Sources */,
				A23791C22AD567F800238F6D /* MainVM.swift in Sources */,
				A23791A62AD5608400238F6D /* MainVC.swift in Sources */,
				A23791A22AD5608400238F6D /* AppDelegate.swift in Sources */,
				A23791A42AD5608400238F6D /* SceneDelegate.swift in Sources */,
				A23791C62AD5683D00238F6D /* DetailsVC.swift in Sources */,
				A23791D52AD5706A00238F6D /* ApiClientError.swift in Sources */,
				A2C723932ADE323E00CF2B4C /* ArrayExtension.swift in Sources */,
				A23791C82AD5684B00238F6D /* DetailVM.swift in Sources */,
				A2C723912ADE2F1D00CF2B4C /* BaseVC.swift in Sources */,
			);
			runOnlyForDeploymentPostprocessing = 0;
		};
/* End PBXSourcesBuildPhase section */

/* Begin PBXVariantGroup section */
		A23791A72AD5608400238F6D /* Main.storyboard */ = {
			isa = PBXVariantGroup;
			children = (
				A23791A82AD5608400238F6D /* Base */,
			);
			name = Main.storyboard;
			sourceTree = "<group>";
		};
		A23791AC2AD5608500238F6D /* LaunchScreen.storyboard */ = {
			isa = PBXVariantGroup;
			children = (
				A23791AD2AD5608500238F6D /* Base */,
			);
			name = LaunchScreen.storyboard;
			sourceTree = "<group>";
		};
/* End PBXVariantGroup section */

/* Begin XCBuildConfiguration section */
		A23791B02AD5608500238F6D /* Debug */ = {
			isa = XCBuildConfiguration;
			buildSettings = {
				ALWAYS_SEARCH_USER_PATHS = NO;
				CLANG_ANALYZER_NONNULL = YES;
				CLANG_ANALYZER_NUMBER_OBJECT_CONVERSION = YES_AGGRESSIVE;
				CLANG_CXX_LANGUAGE_STANDARD = "gnu++20";
				CLANG_ENABLE_MODULES = YES;
				CLANG_ENABLE_OBJC_ARC = YES;
				CLANG_ENABLE_OBJC_WEAK = YES;
				CLANG_WARN_BLOCK_CAPTURE_AUTORELEASING = YES;
				CLANG_WARN_BOOL_CONVERSION = YES;
				CLANG_WARN_COMMA = YES;
				CLANG_WARN_CONSTANT_CONVERSION = YES;
				CLANG_WARN_DEPRECATED_OBJC_IMPLEMENTATIONS = YES;
				CLANG_WARN_DIRECT_OBJC_ISA_USAGE = YES_ERROR;
				CLANG_WARN_DOCUMENTATION_COMMENTS = YES;
				CLANG_WARN_EMPTY_BODY = YES;
				CLANG_WARN_ENUM_CONVERSION = YES;
				CLANG_WARN_INFINITE_RECURSION = YES;
				CLANG_WARN_INT_CONVERSION = YES;
				CLANG_WARN_NON_LITERAL_NULL_CONVERSION = YES;
				CLANG_WARN_OBJC_IMPLICIT_RETAIN_SELF = YES;
				CLANG_WARN_OBJC_LITERAL_CONVERSION = YES;
				CLANG_WARN_OBJC_ROOT_CLASS = YES_ERROR;
				CLANG_WARN_QUOTED_INCLUDE_IN_FRAMEWORK_HEADER = YES;
				CLANG_WARN_RANGE_LOOP_ANALYSIS = YES;
				CLANG_WARN_STRICT_PROTOTYPES = YES;
				CLANG_WARN_SUSPICIOUS_MOVE = YES;
				CLANG_WARN_UNGUARDED_AVAILABILITY = YES_AGGRESSIVE;
				CLANG_WARN_UNREACHABLE_CODE = YES;
				CLANG_WARN__DUPLICATE_METHOD_MATCH = YES;
				COPY_PHASE_STRIP = NO;
				DEBUG_INFORMATION_FORMAT = dwarf;
				ENABLE_STRICT_OBJC_MSGSEND = YES;
				ENABLE_TESTABILITY = YES;
				GCC_C_LANGUAGE_STANDARD = gnu11;
				GCC_DYNAMIC_NO_PIC = NO;
				GCC_NO_COMMON_BLOCKS = YES;
				GCC_OPTIMIZATION_LEVEL = 0;
				GCC_PREPROCESSOR_DEFINITIONS = (
					"DEBUG=1",
					"$(inherited)",
				);
				GCC_WARN_64_TO_32_BIT_CONVERSION = YES;
				GCC_WARN_ABOUT_RETURN_TYPE = YES_ERROR;
				GCC_WARN_UNDECLARED_SELECTOR = YES;
				GCC_WARN_UNINITIALIZED_AUTOS = YES_AGGRESSIVE;
				GCC_WARN_UNUSED_FUNCTION = YES;
				GCC_WARN_UNUSED_VARIABLE = YES;
				IPHONEOS_DEPLOYMENT_TARGET = 16.4;
				MTL_ENABLE_DEBUG_INFO = INCLUDE_SOURCE;
				MTL_FAST_MATH = YES;
				ONLY_ACTIVE_ARCH = YES;
				SDKROOT = iphoneos;
				SWIFT_ACTIVE_COMPILATION_CONDITIONS = DEBUG;
				SWIFT_OPTIMIZATION_LEVEL = "-Onone";
			};
			name = Debug;
		};
		A23791B12AD5608500238F6D /* Release */ = {
			isa = XCBuildConfiguration;
			buildSettings = {
				ALWAYS_SEARCH_USER_PATHS = NO;
				CLANG_ANALYZER_NONNULL = YES;
				CLANG_ANALYZER_NUMBER_OBJECT_CONVERSION = YES_AGGRESSIVE;
				CLANG_CXX_LANGUAGE_STANDARD = "gnu++20";
				CLANG_ENABLE_MODULES = YES;
				CLANG_ENABLE_OBJC_ARC = YES;
				CLANG_ENABLE_OBJC_WEAK = YES;
				CLANG_WARN_BLOCK_CAPTURE_AUTORELEASING = YES;
				CLANG_WARN_BOOL_CONVERSION = YES;
				CLANG_WARN_COMMA = YES;
				CLANG_WARN_CONSTANT_CONVERSION = YES;
				CLANG_WARN_DEPRECATED_OBJC_IMPLEMENTATIONS = YES;
				CLANG_WARN_DIRECT_OBJC_ISA_USAGE = YES_ERROR;
				CLANG_WARN_DOCUMENTATION_COMMENTS = YES;
				CLANG_WARN_EMPTY_BODY = YES;
				CLANG_WARN_ENUM_CONVERSION = YES;
				CLANG_WARN_INFINITE_RECURSION = YES;
				CLANG_WARN_INT_CONVERSION = YES;
				CLANG_WARN_NON_LITERAL_NULL_CONVERSION = YES;
				CLANG_WARN_OBJC_IMPLICIT_RETAIN_SELF = YES;
				CLANG_WARN_OBJC_LITERAL_CONVERSION = YES;
				CLANG_WARN_OBJC_ROOT_CLASS = YES_ERROR;
				CLANG_WARN_QUOTED_INCLUDE_IN_FRAMEWORK_HEADER = YES;
				CLANG_WARN_RANGE_LOOP_ANALYSIS = YES;
				CLANG_WARN_STRICT_PROTOTYPES = YES;
				CLANG_WARN_SUSPICIOUS_MOVE = YES;
				CLANG_WARN_UNGUARDED_AVAILABILITY = YES_AGGRESSIVE;
				CLANG_WARN_UNREACHABLE_CODE = YES;
				CLANG_WARN__DUPLICATE_METHOD_MATCH = YES;
				COPY_PHASE_STRIP = NO;
				DEBUG_INFORMATION_FORMAT = "dwarf-with-dsym";
				ENABLE_NS_ASSERTIONS = NO;
				ENABLE_STRICT_OBJC_MSGSEND = YES;
				GCC_C_LANGUAGE_STANDARD = gnu11;
				GCC_NO_COMMON_BLOCKS = YES;
				GCC_WARN_64_TO_32_BIT_CONVERSION = YES;
				GCC_WARN_ABOUT_RETURN_TYPE = YES_ERROR;
				GCC_WARN_UNDECLARED_SELECTOR = YES;
				GCC_WARN_UNINITIALIZED_AUTOS = YES_AGGRESSIVE;
				GCC_WARN_UNUSED_FUNCTION = YES;
				GCC_WARN_UNUSED_VARIABLE = YES;
				IPHONEOS_DEPLOYMENT_TARGET = 16.4;
				MTL_ENABLE_DEBUG_INFO = NO;
				MTL_FAST_MATH = YES;
				SDKROOT = iphoneos;
				SWIFT_COMPILATION_MODE = wholemodule;
				SWIFT_OPTIMIZATION_LEVEL = "-O";
				VALIDATE_PRODUCT = YES;
			};
			name = Release;
		};
		A23791B32AD5608500238F6D /* Debug */ = {
			isa = XCBuildConfiguration;
			buildSettings = {
				ASSETCATALOG_COMPILER_APPICON_NAME = AppIcon;
				ASSETCATALOG_COMPILER_GLOBAL_ACCENT_COLOR_NAME = AccentColor;
				CODE_SIGN_STYLE = Automatic;
				CURRENT_PROJECT_VERSION = 1;
				GENERATE_INFOPLIST_FILE = YES;
				INFOPLIST_FILE = CoinApp/Info.plist;
				INFOPLIST_KEY_UIApplicationSupportsIndirectInputEvents = YES;
				INFOPLIST_KEY_UILaunchStoryboardName = LaunchScreen;
				INFOPLIST_KEY_UIMainStoryboardFile = Main;
				INFOPLIST_KEY_UISupportedInterfaceOrientations_iPad = "UIInterfaceOrientationPortrait UIInterfaceOrientationPortraitUpsideDown UIInterfaceOrientationLandscapeLeft UIInterfaceOrientationLandscapeRight";
				INFOPLIST_KEY_UISupportedInterfaceOrientations_iPhone = "UIInterfaceOrientationPortrait UIInterfaceOrientationLandscapeLeft UIInterfaceOrientationLandscapeRight";
				IPHONEOS_DEPLOYMENT_TARGET = 14.0;
				LD_RUNPATH_SEARCH_PATHS = (
					"$(inherited)",
					"@executable_path/Frameworks",
				);
				MARKETING_VERSION = 1.0;
				PRODUCT_BUNDLE_IDENTIFIER = Onuralpp.CoinApp;
				PRODUCT_NAME = "$(TARGET_NAME)";
				SWIFT_EMIT_LOC_STRINGS = YES;
				SWIFT_VERSION = 5.0;
				TARGETED_DEVICE_FAMILY = "1,2";
			};
			name = Debug;
		};
		A23791B42AD5608500238F6D /* Release */ = {
			isa = XCBuildConfiguration;
			buildSettings = {
				ASSETCATALOG_COMPILER_APPICON_NAME = AppIcon;
				ASSETCATALOG_COMPILER_GLOBAL_ACCENT_COLOR_NAME = AccentColor;
				CODE_SIGN_STYLE = Automatic;
				CURRENT_PROJECT_VERSION = 1;
				GENERATE_INFOPLIST_FILE = YES;
				INFOPLIST_FILE = CoinApp/Info.plist;
				INFOPLIST_KEY_UIApplicationSupportsIndirectInputEvents = YES;
				INFOPLIST_KEY_UILaunchStoryboardName = LaunchScreen;
				INFOPLIST_KEY_UIMainStoryboardFile = Main;
				INFOPLIST_KEY_UISupportedInterfaceOrientations_iPad = "UIInterfaceOrientationPortrait UIInterfaceOrientationPortraitUpsideDown UIInterfaceOrientationLandscapeLeft UIInterfaceOrientationLandscapeRight";
				INFOPLIST_KEY_UISupportedInterfaceOrientations_iPhone = "UIInterfaceOrientationPortrait UIInterfaceOrientationLandscapeLeft UIInterfaceOrientationLandscapeRight";
				IPHONEOS_DEPLOYMENT_TARGET = 14.0;
				LD_RUNPATH_SEARCH_PATHS = (
					"$(inherited)",
					"@executable_path/Frameworks",
				);
				MARKETING_VERSION = 1.0;
				PRODUCT_BUNDLE_IDENTIFIER = Onuralpp.CoinApp;
				PRODUCT_NAME = "$(TARGET_NAME)";
				SWIFT_EMIT_LOC_STRINGS = YES;
				SWIFT_VERSION = 5.0;
				TARGETED_DEVICE_FAMILY = "1,2";
			};
			name = Release;
		};
/* End XCBuildConfiguration section */

/* Begin XCConfigurationList section */
		A23791992AD5608400238F6D /* Build configuration list for PBXProject "CoinApp" */ = {
			isa = XCConfigurationList;
			buildConfigurations = (
				A23791B02AD5608500238F6D /* Debug */,
				A23791B12AD5608500238F6D /* Release */,
			);
			defaultConfigurationIsVisible = 0;
			defaultConfigurationName = Release;
		};
		A23791B22AD5608500238F6D /* Build configuration list for PBXNativeTarget "CoinApp" */ = {
			isa = XCConfigurationList;
			buildConfigurations = (
				A23791B32AD5608500238F6D /* Debug */,
				A23791B42AD5608500238F6D /* Release */,
			);
			defaultConfigurationIsVisible = 0;
			defaultConfigurationName = Release;
		};
/* End XCConfigurationList section */

/* Begin XCRemoteSwiftPackageReference section */
		A23791D62AD5745200238F6D /* XCRemoteSwiftPackageReference "Alamofire" */ = {
			isa = XCRemoteSwiftPackageReference;
			repositoryURL = "https://github.com/Alamofire/Alamofire";
			requirement = {
				kind = upToNextMajorVersion;
				minimumVersion = 5.0.0;
			};
		};
		A2C7238C2ADE263100CF2B4C /* XCRemoteSwiftPackageReference "SDWebImageSVGCoder" */ = {
			isa = XCRemoteSwiftPackageReference;
			repositoryURL = "https://github.com/SDWebImage/SDWebImageSVGCoder";
			requirement = {
				kind = upToNextMajorVersion;
				minimumVersion = 1.0.0;
			};
		};
/* End XCRemoteSwiftPackageReference section */

/* Begin XCSwiftPackageProductDependency section */
		A23791D72AD5745200238F6D /* Alamofire */ = {
			isa = XCSwiftPackageProductDependency;
			package = A23791D62AD5745200238F6D /* XCRemoteSwiftPackageReference "Alamofire" */;
			productName = Alamofire;
		};
		A2C7238D2ADE263100CF2B4C /* SDWebImageSVGCoder */ = {
			isa = XCSwiftPackageProductDependency;
			package = A2C7238C2ADE263100CF2B4C /* XCRemoteSwiftPackageReference "SDWebImageSVGCoder" */;
			productName = SDWebImageSVGCoder;
		};
/* End XCSwiftPackageProductDependency section */
	};
	rootObject = A23791962AD5608400238F6D /* Project object */;
}
